// !$*UTF8*$!
{
	archiveVersion = 1;
	classes = {
	};
	objectVersion = 56;
	objects = {

/* Begin PBXBuildFile section */
		3307627B2B45167300F1CB1A /* Launch Screen.storyboard in Resources */ = {isa = PBXBuildFile; fileRef = 3307627A2B45167300F1CB1A /* Launch Screen.storyboard */; };
		3307627D2B451A6D00F1CB1A /* Dimension.swift in Sources */ = {isa = PBXBuildFile; fileRef = 3307627C2B451A6D00F1CB1A /* Dimension.swift */; };
		3307627F2B45308000F1CB1A /* View.swift in Sources */ = {isa = PBXBuildFile; fileRef = 3307627E2B45308000F1CB1A /* View.swift */; };
		330762832B45331800F1CB1A /* OutlinedTextField.swift in Sources */ = {isa = PBXBuildFile; fileRef = 330762822B45331800F1CB1A /* OutlinedTextField.swift */; };
		330762852B453C2800F1CB1A /* NavigationButton.swift in Sources */ = {isa = PBXBuildFile; fileRef = 330762842B453C2800F1CB1A /* NavigationButton.swift */; };
		33780E912B43C53E00F8D8D3 /* SplashScreen.swift in Sources */ = {isa = PBXBuildFile; fileRef = 33780E902B43C53E00F8D8D3 /* SplashScreen.swift */; };
		33780EBA2B43DABB00F8D8D3 /* Poppins-SemiBold.ttf in Resources */ = {isa = PBXBuildFile; fileRef = 33780EB42B43DABB00F8D8D3 /* Poppins-SemiBold.ttf */; };
		33780EBB2B43DABB00F8D8D3 /* Poppins-Italic.ttf in Resources */ = {isa = PBXBuildFile; fileRef = 33780EB52B43DABB00F8D8D3 /* Poppins-Italic.ttf */; };
		33780EBC2B43DABB00F8D8D3 /* Poppins-Regular.ttf in Resources */ = {isa = PBXBuildFile; fileRef = 33780EB62B43DABB00F8D8D3 /* Poppins-Regular.ttf */; };
		33780EBD2B43DABB00F8D8D3 /* Poppins-Medium.ttf in Resources */ = {isa = PBXBuildFile; fileRef = 33780EB72B43DABB00F8D8D3 /* Poppins-Medium.ttf */; };
		33780EBE2B43DABB00F8D8D3 /* Poppins-Bold.ttf in Resources */ = {isa = PBXBuildFile; fileRef = 33780EB82B43DABB00F8D8D3 /* Poppins-Bold.ttf */; };
		33780EBF2B43DABB00F8D8D3 /* Poppins-Light.ttf in Resources */ = {isa = PBXBuildFile; fileRef = 33780EB92B43DABB00F8D8D3 /* Poppins-Light.ttf */; };
		33780EC22B43DD3B00F8D8D3 /* Strings.swift in Sources */ = {isa = PBXBuildFile; fileRef = 33780EC12B43DD3B00F8D8D3 /* Strings.swift */; };
		33780EC42B43F56300F8D8D3 /* Colors.swift in Sources */ = {isa = PBXBuildFile; fileRef = 33780EC32B43F56300F8D8D3 /* Colors.swift */; };
		33780EC62B43FA8E00F8D8D3 /* GettingStartedView.swift in Sources */ = {isa = PBXBuildFile; fileRef = 33780EC52B43FA8E00F8D8D3 /* GettingStartedView.swift */; };
		33780ECC2B440D2500F8D8D3 /* SignupView.swift in Sources */ = {isa = PBXBuildFile; fileRef = 33780ECB2B440D2500F8D8D3 /* SignupView.swift */; };
		33780ECE2B440EC300F8D8D3 /* PrimaryButtonView.swift in Sources */ = {isa = PBXBuildFile; fileRef = 33780ECD2B440EC300F8D8D3 /* PrimaryButtonView.swift */; };
		33780ED02B4417EC00F8D8D3 /* OtpVerificationView.swift in Sources */ = {isa = PBXBuildFile; fileRef = 33780ECF2B4417EC00F8D8D3 /* OtpVerificationView.swift */; };
		33D018172B3A728200914A67 /* SwiftuiPracticeApp.swift in Sources */ = {isa = PBXBuildFile; fileRef = 33D018162B3A728200914A67 /* SwiftuiPracticeApp.swift */; };
		33D018192B3A728200914A67 /* ContentView.swift in Sources */ = {isa = PBXBuildFile; fileRef = 33D018182B3A728200914A67 /* ContentView.swift */; };
		33D0181B2B3A728200914A67 /* Assets.xcassets in Resources */ = {isa = PBXBuildFile; fileRef = 33D0181A2B3A728200914A67 /* Assets.xcassets */; };
		33D0181E2B3A728200914A67 /* Preview Assets.xcassets in Resources */ = {isa = PBXBuildFile; fileRef = 33D0181D2B3A728200914A67 /* Preview Assets.xcassets */; };
		33D018282B3A728200914A67 /* SwiftuiPracticeTests.swift in Sources */ = {isa = PBXBuildFile; fileRef = 33D018272B3A728200914A67 /* SwiftuiPracticeTests.swift */; };
		33D018322B3A728200914A67 /* SwiftuiPracticeUITests.swift in Sources */ = {isa = PBXBuildFile; fileRef = 33D018312B3A728200914A67 /* SwiftuiPracticeUITests.swift */; };
		33D018342B3A728200914A67 /* SwiftuiPracticeUITestsLaunchTests.swift in Sources */ = {isa = PBXBuildFile; fileRef = 33D018332B3A728200914A67 /* SwiftuiPracticeUITestsLaunchTests.swift */; };
		8B4845F24DC3CCC84FC374BE /* Pods_SwiftuiPractice.framework in Frameworks */ = {isa = PBXBuildFile; fileRef = E964C3BAE9494BC3919B9C9E /* Pods_SwiftuiPractice.framework */; };
/* End PBXBuildFile section */

/* Begin PBXContainerItemProxy section */
		33D018242B3A728200914A67 /* PBXContainerItemProxy */ = {
			isa = PBXContainerItemProxy;
			containerPortal = 33D0180B2B3A728100914A67 /* Project object */;
			proxyType = 1;
			remoteGlobalIDString = 33D018122B3A728200914A67;
			remoteInfo = SwiftuiPractice;
		};
		33D0182E2B3A728200914A67 /* PBXContainerItemProxy */ = {
			isa = PBXContainerItemProxy;
			containerPortal = 33D0180B2B3A728100914A67 /* Project object */;
			proxyType = 1;
			remoteGlobalIDString = 33D018122B3A728200914A67;
			remoteInfo = SwiftuiPractice;
		};
/* End PBXContainerItemProxy section */

/* Begin PBXFileReference section */
		00E66029CF7A4DAB2BBEC970 /* Pods-SwiftuiPractice.debug.xcconfig */ = {isa = PBXFileReference; includeInIndex = 1; lastKnownFileType = text.xcconfig; name = "Pods-SwiftuiPractice.debug.xcconfig"; path = "Target Support Files/Pods-SwiftuiPractice/Pods-SwiftuiPractice.debug.xcconfig"; sourceTree = "<group>"; };
		3307627A2B45167300F1CB1A /* Launch Screen.storyboard */ = {isa = PBXFileReference; lastKnownFileType = file.storyboard; path = "Launch Screen.storyboard"; sourceTree = "<group>"; };
		3307627C2B451A6D00F1CB1A /* Dimension.swift */ = {isa = PBXFileReference; lastKnownFileType = sourcecode.swift; path = Dimension.swift; sourceTree = "<group>"; };
		3307627E2B45308000F1CB1A /* View.swift */ = {isa = PBXFileReference; lastKnownFileType = sourcecode.swift; path = View.swift; sourceTree = "<group>"; };
		330762822B45331800F1CB1A /* OutlinedTextField.swift */ = {isa = PBXFileReference; lastKnownFileType = sourcecode.swift; path = OutlinedTextField.swift; sourceTree = "<group>"; };
		330762842B453C2800F1CB1A /* NavigationButton.swift */ = {isa = PBXFileReference; lastKnownFileType = sourcecode.swift; path = NavigationButton.swift; sourceTree = "<group>"; };
		33780E902B43C53E00F8D8D3 /* SplashScreen.swift */ = {isa = PBXFileReference; lastKnownFileType = sourcecode.swift; path = SplashScreen.swift; sourceTree = "<group>"; };
		33780EA92B43CDCA00F8D8D3 /* Info.plist */ = {isa = PBXFileReference; lastKnownFileType = text.plist; path = Info.plist; sourceTree = "<group>"; };
		33780EB42B43DABB00F8D8D3 /* Poppins-SemiBold.ttf */ = {isa = PBXFileReference; lastKnownFileType = file; path = "Poppins-SemiBold.ttf"; sourceTree = "<group>"; };
		33780EB52B43DABB00F8D8D3 /* Poppins-Italic.ttf */ = {isa = PBXFileReference; lastKnownFileType = file; path = "Poppins-Italic.ttf"; sourceTree = "<group>"; };
		33780EB62B43DABB00F8D8D3 /* Poppins-Regular.ttf */ = {isa = PBXFileReference; lastKnownFileType = file; path = "Poppins-Regular.ttf"; sourceTree = "<group>"; };
		33780EB72B43DABB00F8D8D3 /* Poppins-Medium.ttf */ = {isa = PBXFileReference; lastKnownFileType = file; path = "Poppins-Medium.ttf"; sourceTree = "<group>"; };
		33780EB82B43DABB00F8D8D3 /* Poppins-Bold.ttf */ = {isa = PBXFileReference; lastKnownFileType = file; path = "Poppins-Bold.ttf"; sourceTree = "<group>"; };
		33780EB92B43DABB00F8D8D3 /* Poppins-Light.ttf */ = {isa = PBXFileReference; lastKnownFileType = file; path = "Poppins-Light.ttf"; sourceTree = "<group>"; };
		33780EC12B43DD3B00F8D8D3 /* Strings.swift */ = {isa = PBXFileReference; lastKnownFileType = sourcecode.swift; path = Strings.swift; sourceTree = "<group>"; };
		33780EC32B43F56300F8D8D3 /* Colors.swift */ = {isa = PBXFileReference; lastKnownFileType = sourcecode.swift; path = Colors.swift; sourceTree = "<group>"; };
		33780EC52B43FA8E00F8D8D3 /* GettingStartedView.swift */ = {isa = PBXFileReference; lastKnownFileType = sourcecode.swift; path = GettingStartedView.swift; sourceTree = "<group>"; };
		33780ECB2B440D2500F8D8D3 /* SignupView.swift */ = {isa = PBXFileReference; lastKnownFileType = sourcecode.swift; path = SignupView.swift; sourceTree = "<group>"; };
		33780ECD2B440EC300F8D8D3 /* PrimaryButtonView.swift */ = {isa = PBXFileReference; lastKnownFileType = sourcecode.swift; path = PrimaryButtonView.swift; sourceTree = "<group>"; };
		33780ECF2B4417EC00F8D8D3 /* OtpVerificationView.swift */ = {isa = PBXFileReference; lastKnownFileType = sourcecode.swift; path = OtpVerificationView.swift; sourceTree = "<group>"; };
		33D018132B3A728200914A67 /* SwiftuiPractice.app */ = {isa = PBXFileReference; explicitFileType = wrapper.application; includeInIndex = 0; path = SwiftuiPractice.app; sourceTree = BUILT_PRODUCTS_DIR; };
		33D018162B3A728200914A67 /* SwiftuiPracticeApp.swift */ = {isa = PBXFileReference; lastKnownFileType = sourcecode.swift; path = SwiftuiPracticeApp.swift; sourceTree = "<group>"; };
		33D018182B3A728200914A67 /* ContentView.swift */ = {isa = PBXFileReference; lastKnownFileType = sourcecode.swift; path = ContentView.swift; sourceTree = "<group>"; };
		33D0181A2B3A728200914A67 /* Assets.xcassets */ = {isa = PBXFileReference; lastKnownFileType = folder.assetcatalog; path = Assets.xcassets; sourceTree = "<group>"; };
		33D0181D2B3A728200914A67 /* Preview Assets.xcassets */ = {isa = PBXFileReference; lastKnownFileType = folder.assetcatalog; path = "Preview Assets.xcassets"; sourceTree = "<group>"; };
		33D018232B3A728200914A67 /* SwiftuiPracticeTests.xctest */ = {isa = PBXFileReference; explicitFileType = wrapper.cfbundle; includeInIndex = 0; path = SwiftuiPracticeTests.xctest; sourceTree = BUILT_PRODUCTS_DIR; };
		33D018272B3A728200914A67 /* SwiftuiPracticeTests.swift */ = {isa = PBXFileReference; lastKnownFileType = sourcecode.swift; path = SwiftuiPracticeTests.swift; sourceTree = "<group>"; };
		33D0182D2B3A728200914A67 /* SwiftuiPracticeUITests.xctest */ = {isa = PBXFileReference; explicitFileType = wrapper.cfbundle; includeInIndex = 0; path = SwiftuiPracticeUITests.xctest; sourceTree = BUILT_PRODUCTS_DIR; };
		33D018312B3A728200914A67 /* SwiftuiPracticeUITests.swift */ = {isa = PBXFileReference; lastKnownFileType = sourcecode.swift; path = SwiftuiPracticeUITests.swift; sourceTree = "<group>"; };
		33D018332B3A728200914A67 /* SwiftuiPracticeUITestsLaunchTests.swift */ = {isa = PBXFileReference; lastKnownFileType = sourcecode.swift; path = SwiftuiPracticeUITestsLaunchTests.swift; sourceTree = "<group>"; };
		6BF5DB0F22151AE13F6EDC30 /* Pods-SwiftuiPractice.release.xcconfig */ = {isa = PBXFileReference; includeInIndex = 1; lastKnownFileType = text.xcconfig; name = "Pods-SwiftuiPractice.release.xcconfig"; path = "Target Support Files/Pods-SwiftuiPractice/Pods-SwiftuiPractice.release.xcconfig"; sourceTree = "<group>"; };
		E964C3BAE9494BC3919B9C9E /* Pods_SwiftuiPractice.framework */ = {isa = PBXFileReference; explicitFileType = wrapper.framework; includeInIndex = 0; path = Pods_SwiftuiPractice.framework; sourceTree = BUILT_PRODUCTS_DIR; };
/* End PBXFileReference section */

/* Begin PBXFrameworksBuildPhase section */
		33D018102B3A728200914A67 /* Frameworks */ = {
			isa = PBXFrameworksBuildPhase;
			buildActionMask = 2147483647;
			files = (
				8B4845F24DC3CCC84FC374BE /* Pods_SwiftuiPractice.framework in Frameworks */,
			);
			runOnlyForDeploymentPostprocessing = 0;
		};
		33D018202B3A728200914A67 /* Frameworks */ = {
			isa = PBXFrameworksBuildPhase;
			buildActionMask = 2147483647;
			files = (
			);
			runOnlyForDeploymentPostprocessing = 0;
		};
		33D0182A2B3A728200914A67 /* Frameworks */ = {
			isa = PBXFrameworksBuildPhase;
			buildActionMask = 2147483647;
			files = (
			);
			runOnlyForDeploymentPostprocessing = 0;
		};
/* End PBXFrameworksBuildPhase section */

/* Begin PBXGroup section */
		0BE7A5DA37C23E3B850000A6 /* Pods */ = {
			isa = PBXGroup;
			children = (
				00E66029CF7A4DAB2BBEC970 /* Pods-SwiftuiPractice.debug.xcconfig */,
				6BF5DB0F22151AE13F6EDC30 /* Pods-SwiftuiPractice.release.xcconfig */,
			);
			path = Pods;
			sourceTree = "<group>";
		};
		33780E8F2B43C52700F8D8D3 /* Screens */ = {
			isa = PBXGroup;
			children = (
				33780ECA2B440D0F00F8D8D3 /* Signup */,
				33780EC92B440D0500F8D8D3 /* Splash */,
			);
			path = Screens;
			sourceTree = "<group>";
		};
		33780E962B43CBDE00F8D8D3 /* Fonts */ = {
			isa = PBXGroup;
			children = (
				33780EB82B43DABB00F8D8D3 /* Poppins-Bold.ttf */,
				33780EB52B43DABB00F8D8D3 /* Poppins-Italic.ttf */,
				33780EB92B43DABB00F8D8D3 /* Poppins-Light.ttf */,
				33780EB72B43DABB00F8D8D3 /* Poppins-Medium.ttf */,
				33780EB62B43DABB00F8D8D3 /* Poppins-Regular.ttf */,
				33780EB42B43DABB00F8D8D3 /* Poppins-SemiBold.ttf */,
			);
			path = Fonts;
			sourceTree = "<group>";
		};
		33780EC02B43DD2800F8D8D3 /* Extensions */ = {
			isa = PBXGroup;
			children = (
				33780EC12B43DD3B00F8D8D3 /* Strings.swift */,
				33780EC32B43F56300F8D8D3 /* Colors.swift */,
				3307627C2B451A6D00F1CB1A /* Dimension.swift */,
				3307627E2B45308000F1CB1A /* View.swift */,
			);
			path = Extensions;
			sourceTree = "<group>";
		};
		33780EC92B440D0500F8D8D3 /* Splash */ = {
			isa = PBXGroup;
			children = (
				33780E902B43C53E00F8D8D3 /* SplashScreen.swift */,
				33780EC52B43FA8E00F8D8D3 /* GettingStartedView.swift */,
			);
			path = Splash;
			sourceTree = "<group>";
		};
		33780ECA2B440D0F00F8D8D3 /* Signup */ = {
			isa = PBXGroup;
			children = (
				33780ECB2B440D2500F8D8D3 /* SignupView.swift */,
				33780ECF2B4417EC00F8D8D3 /* OtpVerificationView.swift */,
				3307627A2B45167300F1CB1A /* Launch Screen.storyboard */,
			);
			path = Signup;
			sourceTree = "<group>";
		};
		339426472B3D7A95003A3295 /* Components */ = {
			isa = PBXGroup;
			children = (
				33780ECD2B440EC300F8D8D3 /* PrimaryButtonView.swift */,
				330762822B45331800F1CB1A /* OutlinedTextField.swift */,
			);
			path = Components;
			sourceTree = "<group>";
		};
		33D0180A2B3A728100914A67 = {
			isa = PBXGroup;
			children = (
				330762842B453C2800F1CB1A /* NavigationButton.swift */,
				33D018152B3A728200914A67 /* SwiftuiPractice */,
				33D018262B3A728200914A67 /* SwiftuiPracticeTests */,
				33D018302B3A728200914A67 /* SwiftuiPracticeUITests */,
				33D018142B3A728200914A67 /* Products */,
				0BE7A5DA37C23E3B850000A6 /* Pods */,
				75DD6950923DC0911AE0F8D5 /* Frameworks */,
			);
			sourceTree = "<group>";
		};
		33D018142B3A728200914A67 /* Products */ = {
			isa = PBXGroup;
			children = (
				33D018132B3A728200914A67 /* SwiftuiPractice.app */,
				33D018232B3A728200914A67 /* SwiftuiPracticeTests.xctest */,
				33D0182D2B3A728200914A67 /* SwiftuiPracticeUITests.xctest */,
			);
			name = Products;
			sourceTree = "<group>";
		};
		33D018152B3A728200914A67 /* SwiftuiPractice */ = {
			isa = PBXGroup;
			children = (
				33780EC02B43DD2800F8D8D3 /* Extensions */,
				33780EA92B43CDCA00F8D8D3 /* Info.plist */,
				33780E962B43CBDE00F8D8D3 /* Fonts */,
				33780E8F2B43C52700F8D8D3 /* Screens */,
				33D018162B3A728200914A67 /* SwiftuiPracticeApp.swift */,
				33D018182B3A728200914A67 /* ContentView.swift */,
				339426472B3D7A95003A3295 /* Components */,
				33D0181A2B3A728200914A67 /* Assets.xcassets */,
				33D0181C2B3A728200914A67 /* Preview Content */,
			);
			path = SwiftuiPractice;
			sourceTree = "<group>";
		};
		33D0181C2B3A728200914A67 /* Preview Content */ = {
			isa = PBXGroup;
			children = (
				33D0181D2B3A728200914A67 /* Preview Assets.xcassets */,
			);
			path = "Preview Content";
			sourceTree = "<group>";
		};
		33D018262B3A728200914A67 /* SwiftuiPracticeTests */ = {
			isa = PBXGroup;
			children = (
				33D018272B3A728200914A67 /* SwiftuiPracticeTests.swift */,
			);
			path = SwiftuiPracticeTests;
			sourceTree = "<group>";
		};
		33D018302B3A728200914A67 /* SwiftuiPracticeUITests */ = {
			isa = PBXGroup;
			children = (
				33D018312B3A728200914A67 /* SwiftuiPracticeUITests.swift */,
				33D018332B3A728200914A67 /* SwiftuiPracticeUITestsLaunchTests.swift */,
			);
			path = SwiftuiPracticeUITests;
			sourceTree = "<group>";
		};
		75DD6950923DC0911AE0F8D5 /* Frameworks */ = {
			isa = PBXGroup;
			children = (
				E964C3BAE9494BC3919B9C9E /* Pods_SwiftuiPractice.framework */,
			);
			name = Frameworks;
			sourceTree = "<group>";
		};
/* End PBXGroup section */

/* Begin PBXNativeTarget section */
		33D018122B3A728200914A67 /* SwiftuiPractice */ = {
			isa = PBXNativeTarget;
			buildConfigurationList = 33D018372B3A728200914A67 /* Build configuration list for PBXNativeTarget "SwiftuiPractice" */;
			buildPhases = (
				95AFD9CDAAEF14C2AF42CB4D /* [CP] Check Pods Manifest.lock */,
				33D0180F2B3A728200914A67 /* Sources */,
				33D018102B3A728200914A67 /* Frameworks */,
				33D018112B3A728200914A67 /* Resources */,
				E782C314CD3F9578C29DA3DF /* [CP] Embed Pods Frameworks */,
			);
			buildRules = (
			);
			dependencies = (
			);
			name = SwiftuiPractice;
			productName = SwiftuiPractice;
			productReference = 33D018132B3A728200914A67 /* SwiftuiPractice.app */;
			productType = "com.apple.product-type.application";
		};
		33D018222B3A728200914A67 /* SwiftuiPracticeTests */ = {
			isa = PBXNativeTarget;
			buildConfigurationList = 33D0183A2B3A728200914A67 /* Build configuration list for PBXNativeTarget "SwiftuiPracticeTests" */;
			buildPhases = (
				33D0181F2B3A728200914A67 /* Sources */,
				33D018202B3A728200914A67 /* Frameworks */,
				33D018212B3A728200914A67 /* Resources */,
			);
			buildRules = (
			);
			dependencies = (
				33D018252B3A728200914A67 /* PBXTargetDependency */,
			);
			name = SwiftuiPracticeTests;
			productName = SwiftuiPracticeTests;
			productReference = 33D018232B3A728200914A67 /* SwiftuiPracticeTests.xctest */;
			productType = "com.apple.product-type.bundle.unit-test";
		};
		33D0182C2B3A728200914A67 /* SwiftuiPracticeUITests */ = {
			isa = PBXNativeTarget;
			buildConfigurationList = 33D0183D2B3A728200914A67 /* Build configuration list for PBXNativeTarget "SwiftuiPracticeUITests" */;
			buildPhases = (
				33D018292B3A728200914A67 /* Sources */,
				33D0182A2B3A728200914A67 /* Frameworks */,
				33D0182B2B3A728200914A67 /* Resources */,
			);
			buildRules = (
			);
			dependencies = (
				33D0182F2B3A728200914A67 /* PBXTargetDependency */,
			);
			name = SwiftuiPracticeUITests;
			productName = SwiftuiPracticeUITests;
			productReference = 33D0182D2B3A728200914A67 /* SwiftuiPracticeUITests.xctest */;
			productType = "com.apple.product-type.bundle.ui-testing";
		};
/* End PBXNativeTarget section */

/* Begin PBXProject section */
		33D0180B2B3A728100914A67 /* Project object */ = {
			isa = PBXProject;
			attributes = {
				BuildIndependentTargetsInParallel = 1;
				LastSwiftUpdateCheck = 1510;
				LastUpgradeCheck = 1510;
				TargetAttributes = {
					33D018122B3A728200914A67 = {
						CreatedOnToolsVersion = 15.1;
					};
					33D018222B3A728200914A67 = {
						CreatedOnToolsVersion = 15.1;
						TestTargetID = 33D018122B3A728200914A67;
					};
					33D0182C2B3A728200914A67 = {
						CreatedOnToolsVersion = 15.1;
						TestTargetID = 33D018122B3A728200914A67;
					};
				};
			};
			buildConfigurationList = 33D0180E2B3A728100914A67 /* Build configuration list for PBXProject "SwiftuiPractice" */;
			compatibilityVersion = "Xcode 14.0";
			developmentRegion = en;
			hasScannedForEncodings = 0;
			knownRegions = (
				en,
				Base,
			);
			mainGroup = 33D0180A2B3A728100914A67;
			productRefGroup = 33D018142B3A728200914A67 /* Products */;
			projectDirPath = "";
			projectRoot = "";
			targets = (
				33D018122B3A728200914A67 /* SwiftuiPractice */,
				33D018222B3A728200914A67 /* SwiftuiPracticeTests */,
				33D0182C2B3A728200914A67 /* SwiftuiPracticeUITests */,
			);
		};
/* End PBXProject section */

/* Begin PBXResourcesBuildPhase section */
		33D018112B3A728200914A67 /* Resources */ = {
			isa = PBXResourcesBuildPhase;
			buildActionMask = 2147483647;
			files = (
				33780EBA2B43DABB00F8D8D3 /* Poppins-SemiBold.ttf in Resources */,
				33D0181E2B3A728200914A67 /* Preview Assets.xcassets in Resources */,
				33780EBE2B43DABB00F8D8D3 /* Poppins-Bold.ttf in Resources */,
				3307627B2B45167300F1CB1A /* Launch Screen.storyboard in Resources */,
				33780EBF2B43DABB00F8D8D3 /* Poppins-Light.ttf in Resources */,
				33780EBB2B43DABB00F8D8D3 /* Poppins-Italic.ttf in Resources */,
				33780EBD2B43DABB00F8D8D3 /* Poppins-Medium.ttf in Resources */,
				33D0181B2B3A728200914A67 /* Assets.xcassets in Resources */,
				33780EBC2B43DABB00F8D8D3 /* Poppins-Regular.ttf in Resources */,
			);
			runOnlyForDeploymentPostprocessing = 0;
		};
		33D018212B3A728200914A67 /* Resources */ = {
			isa = PBXResourcesBuildPhase;
			buildActionMask = 2147483647;
			files = (
			);
			runOnlyForDeploymentPostprocessing = 0;
		};
		33D0182B2B3A728200914A67 /* Resources */ = {
			isa = PBXResourcesBuildPhase;
			buildActionMask = 2147483647;
			files = (
			);
			runOnlyForDeploymentPostprocessing = 0;
		};
/* End PBXResourcesBuildPhase section */

/* Begin PBXShellScriptBuildPhase section */
		95AFD9CDAAEF14C2AF42CB4D /* [CP] Check Pods Manifest.lock */ = {
			isa = PBXShellScriptBuildPhase;
			buildActionMask = 2147483647;
			files = (
			);
			inputFileListPaths = (
			);
			inputPaths = (
				"${PODS_PODFILE_DIR_PATH}/Podfile.lock",
				"${PODS_ROOT}/Manifest.lock",
			);
			name = "[CP] Check Pods Manifest.lock";
			outputFileListPaths = (
			);
			outputPaths = (
				"$(DERIVED_FILE_DIR)/Pods-SwiftuiPractice-checkManifestLockResult.txt",
			);
			runOnlyForDeploymentPostprocessing = 0;
			shellPath = /bin/sh;
			shellScript = "diff \"${PODS_PODFILE_DIR_PATH}/Podfile.lock\" \"${PODS_ROOT}/Manifest.lock\" > /dev/null\nif [ $? != 0 ] ; then\n    # print error to STDERR\n    echo \"error: The sandbox is not in sync with the Podfile.lock. Run 'pod install' or update your CocoaPods installation.\" >&2\n    exit 1\nfi\n# This output is used by Xcode 'outputs' to avoid re-running this script phase.\necho \"SUCCESS\" > \"${SCRIPT_OUTPUT_FILE_0}\"\n";
			showEnvVarsInLog = 0;
		};
		E782C314CD3F9578C29DA3DF /* [CP] Embed Pods Frameworks */ = {
			isa = PBXShellScriptBuildPhase;
			buildActionMask = 2147483647;
			files = (
			);
			inputFileListPaths = (
				"${PODS_ROOT}/Target Support Files/Pods-SwiftuiPractice/Pods-SwiftuiPractice-frameworks-${CONFIGURATION}-input-files.xcfilelist",
			);
			name = "[CP] Embed Pods Frameworks";
			outputFileListPaths = (
				"${PODS_ROOT}/Target Support Files/Pods-SwiftuiPractice/Pods-SwiftuiPractice-frameworks-${CONFIGURATION}-output-files.xcfilelist",
			);
			runOnlyForDeploymentPostprocessing = 0;
			shellPath = /bin/sh;
			shellScript = "\"${PODS_ROOT}/Target Support Files/Pods-SwiftuiPractice/Pods-SwiftuiPractice-frameworks.sh\"\n";
			showEnvVarsInLog = 0;
		};
/* End PBXShellScriptBuildPhase section */

/* Begin PBXSourcesBuildPhase section */
		33D0180F2B3A728200914A67 /* Sources */ = {
			isa = PBXSourcesBuildPhase;
			buildActionMask = 2147483647;
			files = (
				33780ED02B4417EC00F8D8D3 /* OtpVerificationView.swift in Sources */,
				33780E912B43C53E00F8D8D3 /* SplashScreen.swift in Sources */,
				33780ECE2B440EC300F8D8D3 /* PrimaryButtonView.swift in Sources */,
				330762832B45331800F1CB1A /* OutlinedTextField.swift in Sources */,
				33780EC62B43FA8E00F8D8D3 /* GettingStartedView.swift in Sources */,
				33780EC42B43F56300F8D8D3 /* Colors.swift in Sources */,
				33780ECC2B440D2500F8D8D3 /* SignupView.swift in Sources */,
				33D018192B3A728200914A67 /* ContentView.swift in Sources */,
				3307627F2B45308000F1CB1A /* View.swift in Sources */,
				33780EC22B43DD3B00F8D8D3 /* Strings.swift in Sources */,
				3307627D2B451A6D00F1CB1A /* Dimension.swift in Sources */,
				33D018172B3A728200914A67 /* SwiftuiPracticeApp.swift in Sources */,
				330762852B453C2800F1CB1A /* NavigationButton.swift in Sources */,
			);
			runOnlyForDeploymentPostprocessing = 0;
		};
		33D0181F2B3A728200914A67 /* Sources */ = {
			isa = PBXSourcesBuildPhase;
			buildActionMask = 2147483647;
			files = (
				33D018282B3A728200914A67 /* SwiftuiPracticeTests.swift in Sources */,
			);
			runOnlyForDeploymentPostprocessing = 0;
		};
		33D018292B3A728200914A67 /* Sources */ = {
			isa = PBXSourcesBuildPhase;
			buildActionMask = 2147483647;
			files = (
				33D018322B3A728200914A67 /* SwiftuiPracticeUITests.swift in Sources */,
				33D018342B3A728200914A67 /* SwiftuiPracticeUITestsLaunchTests.swift in Sources */,
			);
			runOnlyForDeploymentPostprocessing = 0;
		};
/* End PBXSourcesBuildPhase section */

/* Begin PBXTargetDependency section */
		33D018252B3A728200914A67 /* PBXTargetDependency */ = {
			isa = PBXTargetDependency;
			target = 33D018122B3A728200914A67 /* SwiftuiPractice */;
			targetProxy = 33D018242B3A728200914A67 /* PBXContainerItemProxy */;
		};
		33D0182F2B3A728200914A67 /* PBXTargetDependency */ = {
			isa = PBXTargetDependency;
			target = 33D018122B3A728200914A67 /* SwiftuiPractice */;
			targetProxy = 33D0182E2B3A728200914A67 /* PBXContainerItemProxy */;
		};
/* End PBXTargetDependency section */

/* Begin XCBuildConfiguration section */
		33D018352B3A728200914A67 /* Debug */ = {
			isa = XCBuildConfiguration;
			buildSettings = {
				ALWAYS_SEARCH_USER_PATHS = NO;
				ASSETCATALOG_COMPILER_GENERATE_SWIFT_ASSET_SYMBOL_EXTENSIONS = YES;
				CLANG_ANALYZER_NONNULL = YES;
				CLANG_ANALYZER_NUMBER_OBJECT_CONVERSION = YES_AGGRESSIVE;
				CLANG_CXX_LANGUAGE_STANDARD = "gnu++20";
				CLANG_ENABLE_MODULES = YES;
				CLANG_ENABLE_OBJC_ARC = YES;
				CLANG_ENABLE_OBJC_WEAK = YES;
				CLANG_WARN_BLOCK_CAPTURE_AUTORELEASING = YES;
				CLANG_WARN_BOOL_CONVERSION = YES;
				CLANG_WARN_COMMA = YES;
				CLANG_WARN_CONSTANT_CONVERSION = YES;
				CLANG_WARN_DEPRECATED_OBJC_IMPLEMENTATIONS = YES;
				CLANG_WARN_DIRECT_OBJC_ISA_USAGE = YES_ERROR;
				CLANG_WARN_DOCUMENTATION_COMMENTS = YES;
				CLANG_WARN_EMPTY_BODY = YES;
				CLANG_WARN_ENUM_CONVERSION = YES;
				CLANG_WARN_INFINITE_RECURSION = YES;
				CLANG_WARN_INT_CONVERSION = YES;
				CLANG_WARN_NON_LITERAL_NULL_CONVERSION = YES;
				CLANG_WARN_OBJC_IMPLICIT_RETAIN_SELF = YES;
				CLANG_WARN_OBJC_LITERAL_CONVERSION = YES;
				CLANG_WARN_OBJC_ROOT_CLASS = YES_ERROR;
				CLANG_WARN_QUOTED_INCLUDE_IN_FRAMEWORK_HEADER = YES;
				CLANG_WARN_RANGE_LOOP_ANALYSIS = YES;
				CLANG_WARN_STRICT_PROTOTYPES = YES;
				CLANG_WARN_SUSPICIOUS_MOVE = YES;
				CLANG_WARN_UNGUARDED_AVAILABILITY = YES_AGGRESSIVE;
				CLANG_WARN_UNREACHABLE_CODE = YES;
				CLANG_WARN__DUPLICATE_METHOD_MATCH = YES;
				COPY_PHASE_STRIP = NO;
				DEBUG_INFORMATION_FORMAT = dwarf;
				ENABLE_STRICT_OBJC_MSGSEND = YES;
				ENABLE_TESTABILITY = YES;
				ENABLE_USER_SCRIPT_SANDBOXING = NO;
				GCC_C_LANGUAGE_STANDARD = gnu17;
				GCC_DYNAMIC_NO_PIC = NO;
				GCC_NO_COMMON_BLOCKS = YES;
				GCC_OPTIMIZATION_LEVEL = 0;
				GCC_PREPROCESSOR_DEFINITIONS = (
					"DEBUG=1",
					"$(inherited)",
				);
				GCC_WARN_64_TO_32_BIT_CONVERSION = YES;
				GCC_WARN_ABOUT_RETURN_TYPE = YES_ERROR;
				GCC_WARN_UNDECLARED_SELECTOR = YES;
				GCC_WARN_UNINITIALIZED_AUTOS = YES_AGGRESSIVE;
				GCC_WARN_UNUSED_FUNCTION = YES;
				GCC_WARN_UNUSED_VARIABLE = YES;
				IPHONEOS_DEPLOYMENT_TARGET = 17.2;
				LOCALIZATION_PREFERS_STRING_CATALOGS = YES;
				MTL_ENABLE_DEBUG_INFO = INCLUDE_SOURCE;
				MTL_FAST_MATH = YES;
				ONLY_ACTIVE_ARCH = YES;
				SDKROOT = iphoneos;
				SWIFT_ACTIVE_COMPILATION_CONDITIONS = "DEBUG $(inherited)";
				SWIFT_OPTIMIZATION_LEVEL = "-Onone";
			};
			name = Debug;
		};
		33D018362B3A728200914A67 /* Release */ = {
			isa = XCBuildConfiguration;
			buildSettings = {
				ALWAYS_SEARCH_USER_PATHS = NO;
				ASSETCATALOG_COMPILER_GENERATE_SWIFT_ASSET_SYMBOL_EXTENSIONS = YES;
				CLANG_ANALYZER_NONNULL = YES;
				CLANG_ANALYZER_NUMBER_OBJECT_CONVERSION = YES_AGGRESSIVE;
				CLANG_CXX_LANGUAGE_STANDARD = "gnu++20";
				CLANG_ENABLE_MODULES = YES;
				CLANG_ENABLE_OBJC_ARC = YES;
				CLANG_ENABLE_OBJC_WEAK = YES;
				CLANG_WARN_BLOCK_CAPTURE_AUTORELEASING = YES;
				CLANG_WARN_BOOL_CONVERSION = YES;
				CLANG_WARN_COMMA = YES;
				CLANG_WARN_CONSTANT_CONVERSION = YES;
				CLANG_WARN_DEPRECATED_OBJC_IMPLEMENTATIONS = YES;
				CLANG_WARN_DIRECT_OBJC_ISA_USAGE = YES_ERROR;
				CLANG_WARN_DOCUMENTATION_COMMENTS = YES;
				CLANG_WARN_EMPTY_BODY = YES;
				CLANG_WARN_ENUM_CONVERSION = YES;
				CLANG_WARN_INFINITE_RECURSION = YES;
				CLANG_WARN_INT_CONVERSION = YES;
				CLANG_WARN_NON_LITERAL_NULL_CONVERSION = YES;
				CLANG_WARN_OBJC_IMPLICIT_RETAIN_SELF = YES;
				CLANG_WARN_OBJC_LITERAL_CONVERSION = YES;
				CLANG_WARN_OBJC_ROOT_CLASS = YES_ERROR;
				CLANG_WARN_QUOTED_INCLUDE_IN_FRAMEWORK_HEADER = YES;
				CLANG_WARN_RANGE_LOOP_ANALYSIS = YES;
				CLANG_WARN_STRICT_PROTOTYPES = YES;
				CLANG_WARN_SUSPICIOUS_MOVE = YES;
				CLANG_WARN_UNGUARDED_AVAILABILITY = YES_AGGRESSIVE;
				CLANG_WARN_UNREACHABLE_CODE = YES;
				CLANG_WARN__DUPLICATE_METHOD_MATCH = YES;
				COPY_PHASE_STRIP = NO;
				DEBUG_INFORMATION_FORMAT = "dwarf-with-dsym";
				ENABLE_NS_ASSERTIONS = NO;
				ENABLE_STRICT_OBJC_MSGSEND = YES;
				ENABLE_USER_SCRIPT_SANDBOXING = NO;
				GCC_C_LANGUAGE_STANDARD = gnu17;
				GCC_NO_COMMON_BLOCKS = YES;
				GCC_WARN_64_TO_32_BIT_CONVERSION = YES;
				GCC_WARN_ABOUT_RETURN_TYPE = YES_ERROR;
				GCC_WARN_UNDECLARED_SELECTOR = YES;
				GCC_WARN_UNINITIALIZED_AUTOS = YES_AGGRESSIVE;
				GCC_WARN_UNUSED_FUNCTION = YES;
				GCC_WARN_UNUSED_VARIABLE = YES;
				IPHONEOS_DEPLOYMENT_TARGET = 17.2;
				LOCALIZATION_PREFERS_STRING_CATALOGS = YES;
				MTL_ENABLE_DEBUG_INFO = NO;
				MTL_FAST_MATH = YES;
				SDKROOT = iphoneos;
				SWIFT_COMPILATION_MODE = wholemodule;
				VALIDATE_PRODUCT = YES;
			};
			name = Release;
		};
		33D018382B3A728200914A67 /* Debug */ = {
			isa = XCBuildConfiguration;
			baseConfigurationReference = 00E66029CF7A4DAB2BBEC970 /* Pods-SwiftuiPractice.debug.xcconfig */;
			buildSettings = {
				ASSETCATALOG_COMPILER_APPICON_NAME = AppIcon;
				ASSETCATALOG_COMPILER_GLOBAL_ACCENT_COLOR_NAME = AccentColor;
				CODE_SIGN_STYLE = Automatic;
				CURRENT_PROJECT_VERSION = 1;
				DEVELOPMENT_ASSET_PATHS = "\"SwiftuiPractice/Preview Content\"";
				DEVELOPMENT_TEAM = WU69N4C677;
				ENABLE_PREVIEWS = YES;
				GENERATE_INFOPLIST_FILE = YES;
				INFOPLIST_FILE = SwiftuiPractice/Info.plist;
				INFOPLIST_KEY_UIApplicationSceneManifest_Generation = YES;
				INFOPLIST_KEY_UIApplicationSupportsIndirectInputEvents = YES;
				INFOPLIST_KEY_UILaunchScreen_Generation = YES;
				INFOPLIST_KEY_UILaunchStoryboardName = "Launch Screen.storyboard";
				INFOPLIST_KEY_UISupportedInterfaceOrientations = UIInterfaceOrientationPortrait;
				INFOPLIST_KEY_UISupportedInterfaceOrientations_iPad = "UIInterfaceOrientationLandscapeLeft UIInterfaceOrientationLandscapeRight UIInterfaceOrientationPortrait UIInterfaceOrientationPortraitUpsideDown";
				LD_RUNPATH_SEARCH_PATHS = (
					"$(inherited)",
					"@executable_path/Frameworks",
				);
				MARKETING_VERSION = 1.0;
				PRODUCT_BUNDLE_IDENTIFIER = com.webandapp.SwiftuiPractice;
				PRODUCT_NAME = "$(TARGET_NAME)";
				SWIFT_EMIT_LOC_STRINGS = YES;
				SWIFT_VERSION = 5.0;
				TARGETED_DEVICE_FAMILY = "1,2";
			};
			name = Debug;
		};
		33D018392B3A728200914A67 /* Release */ = {
			isa = XCBuildConfiguration;
			baseConfigurationReference = 6BF5DB0F22151AE13F6EDC30 /* Pods-SwiftuiPractice.release.xcconfig */;
			buildSettings = {
				ASSETCATALOG_COMPILER_APPICON_NAME = AppIcon;
				ASSETCATALOG_COMPILER_GLOBAL_ACCENT_COLOR_NAME = AccentColor;
				CODE_SIGN_STYLE = Automatic;
				CURRENT_PROJECT_VERSION = 1;
				DEVELOPMENT_ASSET_PATHS = "\"SwiftuiPractice/Preview Content\"";
				DEVELOPMENT_TEAM = WU69N4C677;
				ENABLE_PREVIEWS = YES;
				GENERATE_INFOPLIST_FILE = YES;
				INFOPLIST_FILE = SwiftuiPractice/Info.plist;
				INFOPLIST_KEY_UIApplicationSceneManifest_Generation = YES;
				INFOPLIST_KEY_UIApplicationSupportsIndirectInputEvents = YES;
				INFOPLIST_KEY_UILaunchScreen_Generation = YES;
				INFOPLIST_KEY_UILaunchStoryboardName = "Launch Screen.storyboard";
				INFOPLIST_KEY_UISupportedInterfaceOrientations = UIInterfaceOrientationPortrait;
				INFOPLIST_KEY_UISupportedInterfaceOrientations_iPad = "UIInterfaceOrientationLandscapeLeft UIInterfaceOrientationLandscapeRight UIInterfaceOrientationPortrait UIInterfaceOrientationPortraitUpsideDown";
				LD_RUNPATH_SEARCH_PATHS = (
					"$(inherited)",
					"@executable_path/Frameworks",
				);
				MARKETING_VERSION = 1.0;
				PRODUCT_BUNDLE_IDENTIFIER = com.webandapp.SwiftuiPractice;
				PRODUCT_NAME = "$(TARGET_NAME)";
				SWIFT_EMIT_LOC_STRINGS = YES;
				SWIFT_VERSION = 5.0;
				TARGETED_DEVICE_FAMILY = "1,2";
			};
			name = Release;
		};
		33D0183B2B3A728200914A67 /* Debug */ = {
			isa = XCBuildConfiguration;
			buildSettings = {
				ALWAYS_EMBED_SWIFT_STANDARD_LIBRARIES = YES;
				BUNDLE_LOADER = "$(TEST_HOST)";
				CODE_SIGN_STYLE = Automatic;
				CURRENT_PROJECT_VERSION = 1;
				DEVELOPMENT_TEAM = WU69N4C677;
				GENERATE_INFOPLIST_FILE = YES;
				IPHONEOS_DEPLOYMENT_TARGET = 17.2;
				MARKETING_VERSION = 1.0;
				PRODUCT_BUNDLE_IDENTIFIER = com.webandapp.SwiftuiPracticeTests;
				PRODUCT_NAME = "$(TARGET_NAME)";
				SWIFT_EMIT_LOC_STRINGS = NO;
				SWIFT_VERSION = 5.0;
				TARGETED_DEVICE_FAMILY = "1,2";
				TEST_HOST = "$(BUILT_PRODUCTS_DIR)/SwiftuiPractice.app/$(BUNDLE_EXECUTABLE_FOLDER_PATH)/SwiftuiPractice";
			};
			name = Debug;
		};
		33D0183C2B3A728200914A67 /* Release */ = {
			isa = XCBuildConfiguration;
			buildSettings = {
				ALWAYS_EMBED_SWIFT_STANDARD_LIBRARIES = YES;
				BUNDLE_LOADER = "$(TEST_HOST)";
				CODE_SIGN_STYLE = Automatic;
				CURRENT_PROJECT_VERSION = 1;
				DEVELOPMENT_TEAM = WU69N4C677;
				GENERATE_INFOPLIST_FILE = YES;
				IPHONEOS_DEPLOYMENT_TARGET = 17.2;
				MARKETING_VERSION = 1.0;
				PRODUCT_BUNDLE_IDENTIFIER = com.webandapp.SwiftuiPracticeTests;
				PRODUCT_NAME = "$(TARGET_NAME)";
				SWIFT_EMIT_LOC_STRINGS = NO;
				SWIFT_VERSION = 5.0;
				TARGETED_DEVICE_FAMILY = "1,2";
				TEST_HOST = "$(BUILT_PRODUCTS_DIR)/SwiftuiPractice.app/$(BUNDLE_EXECUTABLE_FOLDER_PATH)/SwiftuiPractice";
			};
			name = Release;
		};
		33D0183E2B3A728200914A67 /* Debug */ = {
			isa = XCBuildConfiguration;
			buildSettings = {
				ALWAYS_EMBED_SWIFT_STANDARD_LIBRARIES = YES;
				CODE_SIGN_STYLE = Automatic;
				CURRENT_PROJECT_VERSION = 1;
				DEVELOPMENT_TEAM = WU69N4C677;
				GENERATE_INFOPLIST_FILE = YES;
				MARKETING_VERSION = 1.0;
				PRODUCT_BUNDLE_IDENTIFIER = com.webandapp.SwiftuiPracticeUITests;
				PRODUCT_NAME = "$(TARGET_NAME)";
				SWIFT_EMIT_LOC_STRINGS = NO;
				SWIFT_VERSION = 5.0;
				TARGETED_DEVICE_FAMILY = "1,2";
				TEST_TARGET_NAME = SwiftuiPractice;
			};
			name = Debug;
		};
		33D0183F2B3A728200914A67 /* Release */ = {
			isa = XCBuildConfiguration;
			buildSettings = {
				ALWAYS_EMBED_SWIFT_STANDARD_LIBRARIES = YES;
				CODE_SIGN_STYLE = Automatic;
				CURRENT_PROJECT_VERSION = 1;
				DEVELOPMENT_TEAM = WU69N4C677;
				GENERATE_INFOPLIST_FILE = YES;
				MARKETING_VERSION = 1.0;
				PRODUCT_BUNDLE_IDENTIFIER = com.webandapp.SwiftuiPracticeUITests;
				PRODUCT_NAME = "$(TARGET_NAME)";
				SWIFT_EMIT_LOC_STRINGS = NO;
				SWIFT_VERSION = 5.0;
				TARGETED_DEVICE_FAMILY = "1,2";
				TEST_TARGET_NAME = SwiftuiPractice;
			};
			name = Release;
		};
/* End XCBuildConfiguration section */

/* Begin XCConfigurationList section */
		33D0180E2B3A728100914A67 /* Build configuration list for PBXProject "SwiftuiPractice" */ = {
			isa = XCConfigurationList;
			buildConfigurations = (
				33D018352B3A728200914A67 /* Debug */,
				33D018362B3A728200914A67 /* Release */,
			);
			defaultConfigurationIsVisible = 0;
			defaultConfigurationName = Release;
		};
		33D018372B3A728200914A67 /* Build configuration list for PBXNativeTarget "SwiftuiPractice" */ = {
			isa = XCConfigurationList;
			buildConfigurations = (
				33D018382B3A728200914A67 /* Debug */,
				33D018392B3A728200914A67 /* Release */,
			);
			defaultConfigurationIsVisible = 0;
			defaultConfigurationName = Release;
		};
		33D0183A2B3A728200914A67 /* Build configuration list for PBXNativeTarget "SwiftuiPracticeTests" */ = {
			isa = XCConfigurationList;
			buildConfigurations = (
				33D0183B2B3A728200914A67 /* Debug */,
				33D0183C2B3A728200914A67 /* Release */,
			);
			defaultConfigurationIsVisible = 0;
			defaultConfigurationName = Release;
		};
		33D0183D2B3A728200914A67 /* Build configuration list for PBXNativeTarget "SwiftuiPracticeUITests" */ = {
			isa = XCConfigurationList;
			buildConfigurations = (
				33D0183E2B3A728200914A67 /* Debug */,
				33D0183F2B3A728200914A67 /* Release */,
			);
			defaultConfigurationIsVisible = 0;
			defaultConfigurationName = Release;
		};
/* End XCConfigurationList section */
	};
	rootObject = 33D0180B2B3A728100914A67 /* Project object */;
}
